
Microsoft Visual Studio Solution File, Format Version 12.00
# Visual Studio Version 16
VisualStudioVersion = 16.0.29411.138
MinimumVisualStudioVersion = 10.0.40219.1
Project("{FAE04EC0-301F-11D3-BF4B-00C04F79EFBC}") = "AzureDevopsExportQuickAndDirty", "AzureDevopsExportQuickAndDirty\AzureDevopsExportQuickAndDirty.csproj", "{E55E79D6-8A82-41F4-81BA-1FE37FEEF4B8}"
EndProject
Global
	GlobalSection(SolutionConfigurationPlatforms) = preSolution
		Debug|Any CPU = Debug|Any CPU
		Release|Any CPU = Release|Any CPU
	EndGlobalSection
	GlobalSection(ProjectConfigurationPlatforms) = postSolution
		{E55E79D6-8A82-41F4-81BA-1FE37FEEF4B8}.Debug|Any CPU.ActiveCfg = Debug|Any CPU
		{E55E79D6-8A82-41F4-81BA-1FE37FEEF4B8}.Debug|Any CPU.Build.0 = Debug|Any CPU
		{E55E79D6-8A82-41F4-81BA-1FE37FEEF4B8}.Release|Any CPU.ActiveCfg = Release|Any CPU
		{E55E79D6-8A82-41F4-81BA-1FE37FEEF4B8}.Release|Any CPU.Build.0 = Release|Any CPU
	EndGlobalSection
	GlobalSection(SolutionProperties) = preSolution
		HideSolutionNode = FALSE
	EndGlobalSection
	GlobalSection(ExtensibilityGlobals) = postSolution
		SolutionGuid = {2150A7B1-F63E-4D73-B4EE-6C30DD29D158}
	EndGlobalSection
EndGlobal
